
Microsoft Visual Studio Solution File, Format Version 12.00
# Visual Studio Version 16
VisualStudioVersion = 16.0.29503.13
MinimumVisualStudioVersion = 10.0.40219.1
Project("{FAE04EC0-301F-11D3-BF4B-00C04F79EFBC}") = "DataLogger", "DataLogger\DataLogger.csproj", "{D685C6C7-EBD6-4424-91D9-F105B93FFB32}"
EndProject
Project("{54435603-DBB4-11D2-8724-00A0C9A8B90C}") = "DataLoggerSetup_2.0", "..\DataLoggerSetup_2.0\DataLoggerSetup_2.0\DataLoggerSetup_2.0.vdproj", "{3BC75C4D-7E45-409D-B716-17D963022DE2}"
EndProject
Global
	GlobalSection(SolutionConfigurationPlatforms) = preSolution
		Debug|Any CPU = Debug|Any CPU
		Release|Any CPU = Release|Any CPU
	EndGlobalSection
	GlobalSection(ProjectConfigurationPlatforms) = postSolution
		{D685C6C7-EBD6-4424-91D9-F105B93FFB32}.Debug|Any CPU.ActiveCfg = Debug|Any CPU
		{D685C6C7-EBD6-4424-91D9-F105B93FFB32}.Debug|Any CPU.Build.0 = Debug|Any CPU
		{D685C6C7-EBD6-4424-91D9-F105B93FFB32}.Release|Any CPU.ActiveCfg = Debug|Any CPU
		{D685C6C7-EBD6-4424-91D9-F105B93FFB32}.Release|Any CPU.Build.0 = Debug|Any CPU
		{3BC75C4D-7E45-409D-B716-17D963022DE2}.Debug|Any CPU.ActiveCfg = Debug
		{3BC75C4D-7E45-409D-B716-17D963022DE2}.Release|Any CPU.ActiveCfg = Release
	EndGlobalSection
	GlobalSection(SolutionProperties) = preSolution
		HideSolutionNode = FALSE
	EndGlobalSection
	GlobalSection(ExtensibilityGlobals) = postSolution
		SolutionGuid = {934B89EE-2297-4887-B152-C4E26C8DB03A}
	EndGlobalSection
EndGlobal
